
Microsoft Visual Studio Solution File, Format Version 11.00
# Visual Studio 2010
Project("{8BC9CEB8-8B4A-11D0-8D11-00A0C91BC942}") = "HelloWorld", "HelloWorld\HelloWorld.vcxproj", "{B5F74EE9-3DB7-48F3-8473-AD5095FE7816}"
EndProject
Project("{8BC9CEB8-8B4A-11D0-8D11-00A0C91BC942}") = "Addition", "Addition\Addition.vcxproj", "{C47E5D5E-20D5-4F43-AFF1-1CDDDB93BD61}"
EndProject
Project("{8BC9CEB8-8B4A-11D0-8D11-00A0C91BC942}") = "Example17", "Example17\Example17.vcxproj", "{17CC5A7F-8E16-44DB-8B49-54FE83B2317F}"
EndProject
Project("{8BC9CEB8-8B4A-11D0-8D11-00A0C91BC942}") = "Example18", "Example18\Example18.vcxproj", "{A6FE1D9E-C69A-4B24-BDCB-A8862DD91FF0}"
EndProject
Project("{8BC9CEB8-8B4A-11D0-8D11-00A0C91BC942}") = "Example19", "Example19\Example19.vcxproj", "{9077EC32-B36C-4577-8296-312F7EE28D1B}"
EndProject
Project("{8BC9CEB8-8B4A-11D0-8D11-00A0C91BC942}") = "Example21", "Example21\Example21.vcxproj", "{B899F159-8E7C-4031-B1A1-A64F465BB26E}"
EndProject
Project("{8BC9CEB8-8B4A-11D0-8D11-00A0C91BC942}") = "Example23", "Example23\Example23.vcxproj", "{05CB093F-3B73-4A17-B0E7-82486B1F02EE}"
EndProject
Project("{8BC9CEB8-8B4A-11D0-8D11-00A0C91BC942}") = "Example24", "Example24\Example24.vcxproj", "{A53CD593-C915-4C4F-9688-40720E854F04}"
EndProject
Project("{8BC9CEB8-8B4A-11D0-8D11-00A0C91BC942}") = "Example25", "Example25\Example25.vcxproj", "{CFE88746-E44A-46E0-A17F-BCD0863672DF}"
EndProject
Project("{8BC9CEB8-8B4A-11D0-8D11-00A0C91BC942}") = "Example26", "Example26\Example26.vcxproj", "{FC4E067B-9473-4479-9E75-1050301D3573}"
EndProject
Project("{8BC9CEB8-8B4A-11D0-8D11-00A0C91BC942}") = "Example27", "Example27\Example27.vcxproj", "{EFD823E0-9428-4E21-BB31-00A132F17845}"
EndProject
Project("{8BC9CEB8-8B4A-11D0-8D11-00A0C91BC942}") = "Example29", "Example29\Example29.vcxproj", "{960345C9-A571-499E-A723-A4BF46D0BA7F}"
EndProject
Project("{8BC9CEB8-8B4A-11D0-8D11-00A0C91BC942}") = "Example31", "Example31\Example31.vcxproj", "{EC5EC375-939D-42F1-9E0E-676302255E07}"
EndProject
Project("{8BC9CEB8-8B4A-11D0-8D11-00A0C91BC942}") = "Example33", "Example33\Example33.vcxproj", "{D9B5AC8E-E834-4625-B6C9-D37D30EF9589}"
EndProject
Project("{8BC9CEB8-8B4A-11D0-8D11-00A0C91BC942}") = "Example34", "Example34\Example34.vcxproj", "{F2152CE6-1FC8-40FA-B682-322D00A3700E}"
EndProject
Project("{8BC9CEB8-8B4A-11D0-8D11-00A0C91BC942}") = "CString", "CString\CString.vcxproj", "{774F3D2D-47DD-448D-AEDD-D513D763F418}"
EndProject
Project("{8BC9CEB8-8B4A-11D0-8D11-00A0C91BC942}") = "CTime-CTimeSpan", "CTime-CTimeSpan\CTime-CTimeSpan.vcxproj", "{4159CA32-B4B4-4C02-96A3-4383845DC9FE}"
EndProject
Global
	GlobalSection(SolutionConfigurationPlatforms) = preSolution
		Debug|Win32 = Debug|Win32
		Release|Win32 = Release|Win32
	EndGlobalSection
	GlobalSection(ProjectConfigurationPlatforms) = postSolution
		{B5F74EE9-3DB7-48F3-8473-AD5095FE7816}.Debug|Win32.ActiveCfg = Debug|Win32
		{B5F74EE9-3DB7-48F3-8473-AD5095FE7816}.Debug|Win32.Build.0 = Debug|Win32
		{B5F74EE9-3DB7-48F3-8473-AD5095FE7816}.Release|Win32.ActiveCfg = Release|Win32
		{B5F74EE9-3DB7-48F3-8473-AD5095FE7816}.Release|Win32.Build.0 = Release|Win32
		{C47E5D5E-20D5-4F43-AFF1-1CDDDB93BD61}.Debug|Win32.ActiveCfg = Debug|Win32
		{C47E5D5E-20D5-4F43-AFF1-1CDDDB93BD61}.Debug|Win32.Build.0 = Debug|Win32
		{C47E5D5E-20D5-4F43-AFF1-1CDDDB93BD61}.Release|Win32.ActiveCfg = Release|Win32
		{C47E5D5E-20D5-4F43-AFF1-1CDDDB93BD61}.Release|Win32.Build.0 = Release|Win32
		{17CC5A7F-8E16-44DB-8B49-54FE83B2317F}.Debug|Win32.ActiveCfg = Debug|Win32
		{17CC5A7F-8E16-44DB-8B49-54FE83B2317F}.Debug|Win32.Build.0 = Debug|Win32
		{17CC5A7F-8E16-44DB-8B49-54FE83B2317F}.Release|Win32.ActiveCfg = Release|Win32
		{17CC5A7F-8E16-44DB-8B49-54FE83B2317F}.Release|Win32.Build.0 = Release|Win32
		{A6FE1D9E-C69A-4B24-BDCB-A8862DD91FF0}.Debug|Win32.ActiveCfg = Debug|Win32
		{A6FE1D9E-C69A-4B24-BDCB-A8862DD91FF0}.Debug|Win32.Build.0 = Debug|Win32
		{A6FE1D9E-C69A-4B24-BDCB-A8862DD91FF0}.Release|Win32.ActiveCfg = Release|Win32
		{A6FE1D9E-C69A-4B24-BDCB-A8862DD91FF0}.Release|Win32.Build.0 = Release|Win32
		{9077EC32-B36C-4577-8296-312F7EE28D1B}.Debug|Win32.ActiveCfg = Debug|Win32
		{9077EC32-B36C-4577-8296-312F7EE28D1B}.Debug|Win32.Build.0 = Debug|Win32
		{9077EC32-B36C-4577-8296-312F7EE28D1B}.Release|Win32.ActiveCfg = Release|Win32
		{9077EC32-B36C-4577-8296-312F7EE28D1B}.Release|Win32.Build.0 = Release|Win32
		{B899F159-8E7C-4031-B1A1-A64F465BB26E}.Debug|Win32.ActiveCfg = Debug|Win32
		{B899F159-8E7C-4031-B1A1-A64F465BB26E}.Debug|Win32.Build.0 = Debug|Win32
		{B899F159-8E7C-4031-B1A1-A64F465BB26E}.Release|Win32.ActiveCfg = Release|Win32
		{B899F159-8E7C-4031-B1A1-A64F465BB26E}.Release|Win32.Build.0 = Release|Win32
		{05CB093F-3B73-4A17-B0E7-82486B1F02EE}.Debug|Win32.ActiveCfg = Debug|Win32
		{05CB093F-3B73-4A17-B0E7-82486B1F02EE}.Debug|Win32.Build.0 = Debug|Win32
		{05CB093F-3B73-4A17-B0E7-82486B1F02EE}.Release|Win32.ActiveCfg = Release|Win32
		{05CB093F-3B73-4A17-B0E7-82486B1F02EE}.Release|Win32.Build.0 = Release|Win32
		{A53CD593-C915-4C4F-9688-40720E854F04}.Debug|Win32.ActiveCfg = Debug|Win32
		{A53CD593-C915-4C4F-9688-40720E854F04}.Debug|Win32.Build.0 = Debug|Win32
		{A53CD593-C915-4C4F-9688-40720E854F04}.Release|Win32.ActiveCfg = Release|Win32
		{A53CD593-C915-4C4F-9688-40720E854F04}.Release|Win32.Build.0 = Release|Win32
		{CFE88746-E44A-46E0-A17F-BCD0863672DF}.Debug|Win32.ActiveCfg = Debug|Win32
		{CFE88746-E44A-46E0-A17F-BCD0863672DF}.Debug|Win32.Build.0 = Debug|Win32
		{CFE88746-E44A-46E0-A17F-BCD0863672DF}.Release|Win32.ActiveCfg = Release|Win32
		{CFE88746-E44A-46E0-A17F-BCD0863672DF}.Release|Win32.Build.0 = Release|Win32
		{FC4E067B-9473-4479-9E75-1050301D3573}.Debug|Win32.ActiveCfg = Debug|Win32
		{FC4E067B-9473-4479-9E75-1050301D3573}.Debug|Win32.Build.0 = Debug|Win32
		{FC4E067B-9473-4479-9E75-1050301D3573}.Release|Win32.ActiveCfg = Release|Win32
		{FC4E067B-9473-4479-9E75-1050301D3573}.Release|Win32.Build.0 = Release|Win32
		{EFD823E0-9428-4E21-BB31-00A132F17845}.Debug|Win32.ActiveCfg = Debug|Win32
		{EFD823E0-9428-4E21-BB31-00A132F17845}.Debug|Win32.Build.0 = Debug|Win32
		{EFD823E0-9428-4E21-BB31-00A132F17845}.Release|Win32.ActiveCfg = Release|Win32
		{EFD823E0-9428-4E21-BB31-00A132F17845}.Release|Win32.Build.0 = Release|Win32
		{960345C9-A571-499E-A723-A4BF46D0BA7F}.Debug|Win32.ActiveCfg = Debug|Win32
		{960345C9-A571-499E-A723-A4BF46D0BA7F}.Debug|Win32.Build.0 = Debug|Win32
		{960345C9-A571-499E-A723-A4BF46D0BA7F}.Release|Win32.ActiveCfg = Release|Win32
		{960345C9-A571-499E-A723-A4BF46D0BA7F}.Release|Win32.Build.0 = Release|Win32
		{EC5EC375-939D-42F1-9E0E-676302255E07}.Debug|Win32.ActiveCfg = Debug|Win32
		{EC5EC375-939D-42F1-9E0E-676302255E07}.Debug|Win32.Build.0 = Debug|Win32
		{EC5EC375-939D-42F1-9E0E-676302255E07}.Release|Win32.ActiveCfg = Release|Win32
		{EC5EC375-939D-42F1-9E0E-676302255E07}.Release|Win32.Build.0 = Release|Win32
		{D9B5AC8E-E834-4625-B6C9-D37D30EF9589}.Debug|Win32.ActiveCfg = Debug|Win32
		{D9B5AC8E-E834-4625-B6C9-D37D30EF9589}.Debug|Win32.Build.0 = Debug|Win32
		{D9B5AC8E-E834-4625-B6C9-D37D30EF9589}.Release|Win32.ActiveCfg = Release|Win32
		{D9B5AC8E-E834-4625-B6C9-D37D30EF9589}.Release|Win32.Build.0 = Release|Win32
		{F2152CE6-1FC8-40FA-B682-322D00A3700E}.Debug|Win32.ActiveCfg = Debug|Win32
		{F2152CE6-1FC8-40FA-B682-322D00A3700E}.Debug|Win32.Build.0 = Debug|Win32
		{F2152CE6-1FC8-40FA-B682-322D00A3700E}.Release|Win32.ActiveCfg = Release|Win32
		{F2152CE6-1FC8-40FA-B682-322D00A3700E}.Release|Win32.Build.0 = Release|Win32
		{774F3D2D-47DD-448D-AEDD-D513D763F418}.Debug|Win32.ActiveCfg = Debug|Win32
		{774F3D2D-47DD-448D-AEDD-D513D763F418}.Debug|Win32.Build.0 = Debug|Win32
		{774F3D2D-47DD-448D-AEDD-D513D763F418}.Release|Win32.ActiveCfg = Release|Win32
		{774F3D2D-47DD-448D-AEDD-D513D763F418}.Release|Win32.Build.0 = Release|Win32
		{4159CA32-B4B4-4C02-96A3-4383845DC9FE}.Debug|Win32.ActiveCfg = Debug|Win32
		{4159CA32-B4B4-4C02-96A3-4383845DC9FE}.Debug|Win32.Build.0 = Debug|Win32
		{4159CA32-B4B4-4C02-96A3-4383845DC9FE}.Release|Win32.ActiveCfg = Release|Win32
		{4159CA32-B4B4-4C02-96A3-4383845DC9FE}.Release|Win32.Build.0 = Release|Win32
	EndGlobalSection
	GlobalSection(SolutionProperties) = preSolution
		HideSolutionNode = FALSE
	EndGlobalSection
EndGlobal
